<Solution>
  <Folder Name="/Itens de Solução/">
    <File Path="docker-compose.yml" />
    <File Path="Dockerfile" />
  </Folder>
  <Folder Name="/src/">
    <Project Path="src/NecroClock.API/NecroClock.API.csproj" />
    <Project Path="src/NecroClock.Application/NecroClock.Application.csproj" />
    <Project Path="src/NecroClock.Infrastructure/NecroClock.Infrastructure.csproj" />
  </Folder>
</Solution>
